// !$*UTF8*$!
{
	archiveVersion = 1;
	classes = {
	};
	objectVersion = 51;
	objects = {

/* Begin PBXBuildFile section */
		3716A225253CCEE30037D976 /* GameViewController.swift in Sources */ = {isa = PBXBuildFile; fileRef = 3716A224253CCEE30037D976 /* GameViewController.swift */; };
		372C996B255659A300AB0147 /* EditInfoViewController.swift in Sources */ = {isa = PBXBuildFile; fileRef = 372C996A255659A300AB0147 /* EditInfoViewController.swift */; };
		3742C96A254B53DF001DEF67 /* AlarmTriggeredViewController.swift in Sources */ = {isa = PBXBuildFile; fileRef = 3742C969254B53DF001DEF67 /* AlarmTriggeredViewController.swift */; };
		378630F525355CBC00773BFA /* SignUpViewController.swift in Sources */ = {isa = PBXBuildFile; fileRef = 378630F425355CBC00773BFA /* SignUpViewController.swift */; };
		3799660C2538934D00503213 /* AlarmsNewUserViewController.swift in Sources */ = {isa = PBXBuildFile; fileRef = 3799660B2538934D00503213 /* AlarmsNewUserViewController.swift */; };
		37F462DA251C1E76004A16EF /* User.swift in Sources */ = {isa = PBXBuildFile; fileRef = 37F462D9251C1E76004A16EF /* User.swift */; };
		47C72FD290198901828D3BB7 /* Pods_SomniaTests.framework in Frameworks */ = {isa = PBXBuildFile; fileRef = 71BC1DED5C45F64E1BE18423 /* Pods_SomniaTests.framework */; };
		68B1F54E406B519DA7E1D354 /* Pods_Somnia.framework in Frameworks */ = {isa = PBXBuildFile; fileRef = EB49943ABF2D4199E658B11B /* Pods_Somnia.framework */; };
		B103D21B2534D1F200F5F301 /* GradientView.swift in Sources */ = {isa = PBXBuildFile; fileRef = B103D21A2534D1F200F5F301 /* GradientView.swift */; };
		B103D2202534DF5D00F5F301 /* Constants.swift in Sources */ = {isa = PBXBuildFile; fileRef = B103D21F2534DF5D00F5F301 /* Constants.swift */; };
		B111B317253BC1B700D1C00E /* Alarm.swift in Sources */ = {isa = PBXBuildFile; fileRef = B111B316253BC1B700D1C00E /* Alarm.swift */; };
		B1123109253925C20024DD7D /* SleepViewController.swift in Sources */ = {isa = PBXBuildFile; fileRef = B1123108253925C20024DD7D /* SleepViewController.swift */; };
		B112310E25392F750024DD7D /* SleepTwoViewController.swift in Sources */ = {isa = PBXBuildFile; fileRef = B112310D25392F750024DD7D /* SleepTwoViewController.swift */; };
		B1123113253937A40024DD7D /* SleepActivitiesViewController.swift in Sources */ = {isa = PBXBuildFile; fileRef = B1123112253937A40024DD7D /* SleepActivitiesViewController.swift */; };
		B135FAD82547838500D45AD1 /* SignUpTwoViewController.swift in Sources */ = {isa = PBXBuildFile; fileRef = B135FAD72547838500D45AD1 /* SignUpTwoViewController.swift */; };
		B13639522555B42C004EBBF8 /* Stories.swift in Sources */ = {isa = PBXBuildFile; fileRef = B13639512555B42C004EBBF8 /* Stories.swift */; };
		B13639582555B466004EBBF8 /* StoriesCell.swift in Sources */ = {isa = PBXBuildFile; fileRef = B13639562555B466004EBBF8 /* StoriesCell.swift */; };
		B13639592555B466004EBBF8 /* StoriesCell.xib in Resources */ = {isa = PBXBuildFile; fileRef = B13639572555B466004EBBF8 /* StoriesCell.xib */; };
		B13CC2CB251BAE5600A25D60 /* AppDelegate.swift in Sources */ = {isa = PBXBuildFile; fileRef = B13CC2CA251BAE5600A25D60 /* AppDelegate.swift */; };
		B13CC2CD251BAE5600A25D60 /* SceneDelegate.swift in Sources */ = {isa = PBXBuildFile; fileRef = B13CC2CC251BAE5600A25D60 /* SceneDelegate.swift */; };
		B13CC2CF251BAE5600A25D60 /* LoginViewController.swift in Sources */ = {isa = PBXBuildFile; fileRef = B13CC2CE251BAE5600A25D60 /* LoginViewController.swift */; };
		B13CC2D2251BAE5600A25D60 /* Main.storyboard in Resources */ = {isa = PBXBuildFile; fileRef = B13CC2D0251BAE5600A25D60 /* Main.storyboard */; };
		B13CC2D4251BAE5700A25D60 /* Assets.xcassets in Resources */ = {isa = PBXBuildFile; fileRef = B13CC2D3251BAE5700A25D60 /* Assets.xcassets */; };
		B13CC2D7251BAE5700A25D60 /* LaunchScreen.storyboard in Resources */ = {isa = PBXBuildFile; fileRef = B13CC2D5251BAE5700A25D60 /* LaunchScreen.storyboard */; };
		B13CC2E2251BAE5700A25D60 /* SomniaTests.swift in Sources */ = {isa = PBXBuildFile; fileRef = B13CC2E1251BAE5700A25D60 /* SomniaTests.swift */; };
		B13CC2ED251BAE5700A25D60 /* SomniaUITests.swift in Sources */ = {isa = PBXBuildFile; fileRef = B13CC2EC251BAE5700A25D60 /* SomniaUITests.swift */; };
		B13E13CC254CD3A000208EA8 /* relaxing_birds.mp3 in Resources */ = {isa = PBXBuildFile; fileRef = B13E13CB254CD3A000208EA8 /* relaxing_birds.mp3 */; };
		B13E13D1254CDCA200208EA8 /* FeedbackViewController.swift in Sources */ = {isa = PBXBuildFile; fileRef = B13E13D0254CDCA200208EA8 /* FeedbackViewController.swift */; };
		B146080C253A6422004AE54D /* NewAlarmViewController.swift in Sources */ = {isa = PBXBuildFile; fileRef = B146080B253A6422004AE54D /* NewAlarmViewController.swift */; };
		B146082C253A66C9004AE54D /* ProfileViewController.swift in Sources */ = {isa = PBXBuildFile; fileRef = B146082B253A66C9004AE54D /* ProfileViewController.swift */; };
		B15BA5A42554B41600209897 /* SleepSound.swift in Sources */ = {isa = PBXBuildFile; fileRef = B15BA5A32554B41600209897 /* SleepSound.swift */; };
		B15BA5AA2554B8D900209897 /* SleepSoundCell.swift in Sources */ = {isa = PBXBuildFile; fileRef = B15BA5A82554B8D900209897 /* SleepSoundCell.swift */; };
		B15BA5AB2554B8D900209897 /* SleepSoundCell.xib in Resources */ = {isa = PBXBuildFile; fileRef = B15BA5A92554B8D900209897 /* SleepSoundCell.xib */; };
		B1746B82254A209300A434B2 /* AlarmCell.swift in Sources */ = {isa = PBXBuildFile; fileRef = B1746B80254A209300A434B2 /* AlarmCell.swift */; };
		B1746B83254A209300A434B2 /* AlarmCell.xib in Resources */ = {isa = PBXBuildFile; fileRef = B1746B81254A209300A434B2 /* AlarmCell.xib */; };
		B1770954251D2769006CEEF7 /* GoogleService-Info.plist in Resources */ = {isa = PBXBuildFile; fileRef = B1770953251D2769006CEEF7 /* GoogleService-Info.plist */; };
		B1803811253501ED00D03B19 /* HaboroSoft-NorLigIt.ttf in Resources */ = {isa = PBXBuildFile; fileRef = B1803803253501EA00D03B19 /* HaboroSoft-NorLigIt.ttf */; };
		B1803812253501ED00D03B19 /* HaboroSoft-NorLig.ttf in Resources */ = {isa = PBXBuildFile; fileRef = B1803804253501EA00D03B19 /* HaboroSoft-NorLig.ttf */; };
		B1803813253501ED00D03B19 /* HaboroSoft-NorDemIt.ttf in Resources */ = {isa = PBXBuildFile; fileRef = B1803805253501EA00D03B19 /* HaboroSoft-NorDemIt.ttf */; };
		B1803814253501ED00D03B19 /* HaboroSoft-NorExB.ttf in Resources */ = {isa = PBXBuildFile; fileRef = B1803806253501EA00D03B19 /* HaboroSoft-NorExB.ttf */; };
		B1803815253501ED00D03B19 /* HaboroSoft-NorDem.ttf in Resources */ = {isa = PBXBuildFile; fileRef = B1803807253501EB00D03B19 /* HaboroSoft-NorDem.ttf */; };
		B1803816253501ED00D03B19 /* HaboroSoft-NorMed.ttf in Resources */ = {isa = PBXBuildFile; fileRef = B1803808253501EB00D03B19 /* HaboroSoft-NorMed.ttf */; };
		B1803817253501ED00D03B19 /* HaboroSoft-NorRegIt.ttf in Resources */ = {isa = PBXBuildFile; fileRef = B1803809253501EB00D03B19 /* HaboroSoft-NorRegIt.ttf */; };
		B1803818253501ED00D03B19 /* HaboroSoft-NorExBIt.ttf in Resources */ = {isa = PBXBuildFile; fileRef = B180380A253501EB00D03B19 /* HaboroSoft-NorExBIt.ttf */; };
		B1803819253501ED00D03B19 /* HaboroSoft-NorReg.ttf in Resources */ = {isa = PBXBuildFile; fileRef = B180380B253501EC00D03B19 /* HaboroSoft-NorReg.ttf */; };
		B180381A253501ED00D03B19 /* HaboroSoft-NorBol.ttf in Resources */ = {isa = PBXBuildFile; fileRef = B180380C253501EC00D03B19 /* HaboroSoft-NorBol.ttf */; };
		B180381B253501ED00D03B19 /* HaboroSoft-NorMedIt.ttf in Resources */ = {isa = PBXBuildFile; fileRef = B180380D253501EC00D03B19 /* HaboroSoft-NorMedIt.ttf */; };
		B180381C253501ED00D03B19 /* HaboroSoft-NorBolIt.ttf in Resources */ = {isa = PBXBuildFile; fileRef = B180380E253501ED00D03B19 /* HaboroSoft-NorBolIt.ttf */; };
		B180381D253501ED00D03B19 /* HaboroSoft-NorBoo.ttf in Resources */ = {isa = PBXBuildFile; fileRef = B180380F253501ED00D03B19 /* HaboroSoft-NorBoo.ttf */; };
		B180381E253501ED00D03B19 /* HaboroSoft-NorBooIt.ttf in Resources */ = {isa = PBXBuildFile; fileRef = B1803810253501ED00D03B19 /* HaboroSoft-NorBooIt.ttf */; };
		B19F98CC2549E86600AB52A0 /* NetworkMonitor.swift in Sources */ = {isa = PBXBuildFile; fileRef = B19F98CB2549E86600AB52A0 /* NetworkMonitor.swift */; };
		B1AA18C1255C918600C6102A /* EditAlarmViewController.swift in Sources */ = {isa = PBXBuildFile; fileRef = B1AA18C0255C918600C6102A /* EditAlarmViewController.swift */; };
		B1B244D725538B75004942EA /* Analysis.swift in Sources */ = {isa = PBXBuildFile; fileRef = B1B244D625538B75004942EA /* Analysis.swift */; };
		B1E48D6E25392145003AC54F /* StatsViewController.swift in Sources */ = {isa = PBXBuildFile; fileRef = B1E48D6D25392145003AC54F /* StatsViewController.swift */; };
		E4E91B2DBC6095309CBADF07 /* Pods_Somnia_SomniaUITests.framework in Frameworks */ = {isa = PBXBuildFile; fileRef = 9F6C650AA1FC5B23FD5B3EC2 /* Pods_Somnia_SomniaUITests.framework */; };
/* End PBXBuildFile section */

/* Begin PBXContainerItemProxy section */
		B13CC2DE251BAE5700A25D60 /* PBXContainerItemProxy */ = {
			isa = PBXContainerItemProxy;
			containerPortal = B13CC2BF251BAE5600A25D60 /* Project object */;
			proxyType = 1;
			remoteGlobalIDString = B13CC2C6251BAE5600A25D60;
			remoteInfo = Somnia;
		};
		B13CC2E9251BAE5700A25D60 /* PBXContainerItemProxy */ = {
			isa = PBXContainerItemProxy;
			containerPortal = B13CC2BF251BAE5600A25D60 /* Project object */;
			proxyType = 1;
			remoteGlobalIDString = B13CC2C6251BAE5600A25D60;
			remoteInfo = Somnia;
		};
/* End PBXContainerItemProxy section */

/* Begin PBXFileReference section */
		04C97736CDD3550A6567F2B3 /* Pods-Somnia-SomniaUITests.debug.xcconfig */ = {isa = PBXFileReference; includeInIndex = 1; lastKnownFileType = text.xcconfig; name = "Pods-Somnia-SomniaUITests.debug.xcconfig"; path = "Target Support Files/Pods-Somnia-SomniaUITests/Pods-Somnia-SomniaUITests.debug.xcconfig"; sourceTree = "<group>"; };
		18FA628F9188F0A752A21FC8 /* Pods-SomniaTests.release.xcconfig */ = {isa = PBXFileReference; includeInIndex = 1; lastKnownFileType = text.xcconfig; name = "Pods-SomniaTests.release.xcconfig"; path = "Target Support Files/Pods-SomniaTests/Pods-SomniaTests.release.xcconfig"; sourceTree = "<group>"; };
		27B89729442CECDE9FC97267 /* Pods-SomniaTests.debug.xcconfig */ = {isa = PBXFileReference; includeInIndex = 1; lastKnownFileType = text.xcconfig; name = "Pods-SomniaTests.debug.xcconfig"; path = "Target Support Files/Pods-SomniaTests/Pods-SomniaTests.debug.xcconfig"; sourceTree = "<group>"; };
		3716A224253CCEE30037D976 /* GameViewController.swift */ = {isa = PBXFileReference; lastKnownFileType = sourcecode.swift; path = GameViewController.swift; sourceTree = "<group>"; };
		372C996A255659A300AB0147 /* EditInfoViewController.swift */ = {isa = PBXFileReference; lastKnownFileType = sourcecode.swift; path = EditInfoViewController.swift; sourceTree = "<group>"; };
		3742C969254B53DF001DEF67 /* AlarmTriggeredViewController.swift */ = {isa = PBXFileReference; lastKnownFileType = sourcecode.swift; path = AlarmTriggeredViewController.swift; sourceTree = "<group>"; };
		378630F425355CBC00773BFA /* SignUpViewController.swift */ = {isa = PBXFileReference; lastKnownFileType = sourcecode.swift; path = SignUpViewController.swift; sourceTree = "<group>"; };
		3799660B2538934D00503213 /* AlarmsNewUserViewController.swift */ = {isa = PBXFileReference; lastKnownFileType = sourcecode.swift; path = AlarmsNewUserViewController.swift; sourceTree = "<group>"; };
		37F462D9251C1E76004A16EF /* User.swift */ = {isa = PBXFileReference; lastKnownFileType = sourcecode.swift; path = User.swift; sourceTree = "<group>"; };
		71BC1DED5C45F64E1BE18423 /* Pods_SomniaTests.framework */ = {isa = PBXFileReference; explicitFileType = wrapper.framework; includeInIndex = 0; path = Pods_SomniaTests.framework; sourceTree = BUILT_PRODUCTS_DIR; };
		8147454855D051C4FBD7608C /* Pods-Somnia-SomniaUITests.release.xcconfig */ = {isa = PBXFileReference; includeInIndex = 1; lastKnownFileType = text.xcconfig; name = "Pods-Somnia-SomniaUITests.release.xcconfig"; path = "Target Support Files/Pods-Somnia-SomniaUITests/Pods-Somnia-SomniaUITests.release.xcconfig"; sourceTree = "<group>"; };
		817940DE300C341B000FF48A /* Pods-Somnia.release.xcconfig */ = {isa = PBXFileReference; includeInIndex = 1; lastKnownFileType = text.xcconfig; name = "Pods-Somnia.release.xcconfig"; path = "Target Support Files/Pods-Somnia/Pods-Somnia.release.xcconfig"; sourceTree = "<group>"; };
		9F6C650AA1FC5B23FD5B3EC2 /* Pods_Somnia_SomniaUITests.framework */ = {isa = PBXFileReference; explicitFileType = wrapper.framework; includeInIndex = 0; path = Pods_Somnia_SomniaUITests.framework; sourceTree = BUILT_PRODUCTS_DIR; };
		B103D21A2534D1F200F5F301 /* GradientView.swift */ = {isa = PBXFileReference; lastKnownFileType = sourcecode.swift; path = GradientView.swift; sourceTree = "<group>"; };
		B103D21F2534DF5D00F5F301 /* Constants.swift */ = {isa = PBXFileReference; lastKnownFileType = sourcecode.swift; path = Constants.swift; sourceTree = "<group>"; };
		B111B316253BC1B700D1C00E /* Alarm.swift */ = {isa = PBXFileReference; lastKnownFileType = sourcecode.swift; path = Alarm.swift; sourceTree = "<group>"; };
		B1123108253925C20024DD7D /* SleepViewController.swift */ = {isa = PBXFileReference; lastKnownFileType = sourcecode.swift; path = SleepViewController.swift; sourceTree = "<group>"; };
		B112310D25392F750024DD7D /* SleepTwoViewController.swift */ = {isa = PBXFileReference; lastKnownFileType = sourcecode.swift; path = SleepTwoViewController.swift; sourceTree = "<group>"; };
		B1123112253937A40024DD7D /* SleepActivitiesViewController.swift */ = {isa = PBXFileReference; lastKnownFileType = sourcecode.swift; path = SleepActivitiesViewController.swift; sourceTree = "<group>"; };
		B135FAD72547838500D45AD1 /* SignUpTwoViewController.swift */ = {isa = PBXFileReference; lastKnownFileType = sourcecode.swift; path = SignUpTwoViewController.swift; sourceTree = "<group>"; };
		B13639512555B42C004EBBF8 /* Stories.swift */ = {isa = PBXFileReference; lastKnownFileType = sourcecode.swift; path = Stories.swift; sourceTree = "<group>"; };
		B13639562555B466004EBBF8 /* StoriesCell.swift */ = {isa = PBXFileReference; lastKnownFileType = sourcecode.swift; path = StoriesCell.swift; sourceTree = "<group>"; };
		B13639572555B466004EBBF8 /* StoriesCell.xib */ = {isa = PBXFileReference; lastKnownFileType = file.xib; path = StoriesCell.xib; sourceTree = "<group>"; };
		B13CC2C7251BAE5600A25D60 /* Somnia.app */ = {isa = PBXFileReference; explicitFileType = wrapper.application; includeInIndex = 0; path = Somnia.app; sourceTree = BUILT_PRODUCTS_DIR; };
		B13CC2CA251BAE5600A25D60 /* AppDelegate.swift */ = {isa = PBXFileReference; lastKnownFileType = sourcecode.swift; path = AppDelegate.swift; sourceTree = "<group>"; };
		B13CC2CC251BAE5600A25D60 /* SceneDelegate.swift */ = {isa = PBXFileReference; lastKnownFileType = sourcecode.swift; path = SceneDelegate.swift; sourceTree = "<group>"; };
		B13CC2CE251BAE5600A25D60 /* LoginViewController.swift */ = {isa = PBXFileReference; lastKnownFileType = sourcecode.swift; path = LoginViewController.swift; sourceTree = "<group>"; };
		B13CC2D1251BAE5600A25D60 /* Base */ = {isa = PBXFileReference; lastKnownFileType = file.storyboard; name = Base; path = Base.lproj/Main.storyboard; sourceTree = "<group>"; };
		B13CC2D3251BAE5700A25D60 /* Assets.xcassets */ = {isa = PBXFileReference; lastKnownFileType = folder.assetcatalog; path = Assets.xcassets; sourceTree = "<group>"; };
		B13CC2D6251BAE5700A25D60 /* Base */ = {isa = PBXFileReference; lastKnownFileType = file.storyboard; name = Base; path = Base.lproj/LaunchScreen.storyboard; sourceTree = "<group>"; };
		B13CC2D8251BAE5700A25D60 /* Info.plist */ = {isa = PBXFileReference; lastKnownFileType = text.plist.xml; path = Info.plist; sourceTree = "<group>"; };
		B13CC2DD251BAE5700A25D60 /* SomniaTests.xctest */ = {isa = PBXFileReference; explicitFileType = wrapper.cfbundle; includeInIndex = 0; path = SomniaTests.xctest; sourceTree = BUILT_PRODUCTS_DIR; };
		B13CC2E1251BAE5700A25D60 /* SomniaTests.swift */ = {isa = PBXFileReference; lastKnownFileType = sourcecode.swift; path = SomniaTests.swift; sourceTree = "<group>"; };
		B13CC2E3251BAE5700A25D60 /* Info.plist */ = {isa = PBXFileReference; lastKnownFileType = text.plist.xml; path = Info.plist; sourceTree = "<group>"; };
		B13CC2E8251BAE5700A25D60 /* SomniaUITests.xctest */ = {isa = PBXFileReference; explicitFileType = wrapper.cfbundle; includeInIndex = 0; path = SomniaUITests.xctest; sourceTree = BUILT_PRODUCTS_DIR; };
		B13CC2EC251BAE5700A25D60 /* SomniaUITests.swift */ = {isa = PBXFileReference; lastKnownFileType = sourcecode.swift; path = SomniaUITests.swift; sourceTree = "<group>"; };
		B13CC2EE251BAE5700A25D60 /* Info.plist */ = {isa = PBXFileReference; lastKnownFileType = text.plist.xml; path = Info.plist; sourceTree = "<group>"; };
		B13E13CB254CD3A000208EA8 /* relaxing_birds.mp3 */ = {isa = PBXFileReference; lastKnownFileType = audio.mp3; path = relaxing_birds.mp3; sourceTree = "<group>"; };
		B13E13D0254CDCA200208EA8 /* FeedbackViewController.swift */ = {isa = PBXFileReference; lastKnownFileType = sourcecode.swift; path = FeedbackViewController.swift; sourceTree = "<group>"; };
		B146080B253A6422004AE54D /* NewAlarmViewController.swift */ = {isa = PBXFileReference; lastKnownFileType = sourcecode.swift; path = NewAlarmViewController.swift; sourceTree = "<group>"; };
		B146082B253A66C9004AE54D /* ProfileViewController.swift */ = {isa = PBXFileReference; lastKnownFileType = sourcecode.swift; path = ProfileViewController.swift; sourceTree = "<group>"; };
		B15BA5A32554B41600209897 /* SleepSound.swift */ = {isa = PBXFileReference; lastKnownFileType = sourcecode.swift; path = SleepSound.swift; sourceTree = "<group>"; };
		B15BA5A82554B8D900209897 /* SleepSoundCell.swift */ = {isa = PBXFileReference; lastKnownFileType = sourcecode.swift; path = SleepSoundCell.swift; sourceTree = "<group>"; };
		B15BA5A92554B8D900209897 /* SleepSoundCell.xib */ = {isa = PBXFileReference; lastKnownFileType = file.xib; path = SleepSoundCell.xib; sourceTree = "<group>"; };
		B1746B80254A209300A434B2 /* AlarmCell.swift */ = {isa = PBXFileReference; lastKnownFileType = sourcecode.swift; path = AlarmCell.swift; sourceTree = "<group>"; };
		B1746B81254A209300A434B2 /* AlarmCell.xib */ = {isa = PBXFileReference; lastKnownFileType = file.xib; path = AlarmCell.xib; sourceTree = "<group>"; };
		B1770953251D2769006CEEF7 /* GoogleService-Info.plist */ = {isa = PBXFileReference; fileEncoding = 4; lastKnownFileType = text.plist.xml; path = "GoogleService-Info.plist"; sourceTree = "<group>"; };
		B1803803253501EA00D03B19 /* HaboroSoft-NorLigIt.ttf */ = {isa = PBXFileReference; lastKnownFileType = file; path = "HaboroSoft-NorLigIt.ttf"; sourceTree = "<group>"; };
		B1803804253501EA00D03B19 /* HaboroSoft-NorLig.ttf */ = {isa = PBXFileReference; lastKnownFileType = file; path = "HaboroSoft-NorLig.ttf"; sourceTree = "<group>"; };
		B1803805253501EA00D03B19 /* HaboroSoft-NorDemIt.ttf */ = {isa = PBXFileReference; lastKnownFileType = file; path = "HaboroSoft-NorDemIt.ttf"; sourceTree = "<group>"; };
		B1803806253501EA00D03B19 /* HaboroSoft-NorExB.ttf */ = {isa = PBXFileReference; lastKnownFileType = file; path = "HaboroSoft-NorExB.ttf"; sourceTree = "<group>"; };
		B1803807253501EB00D03B19 /* HaboroSoft-NorDem.ttf */ = {isa = PBXFileReference; lastKnownFileType = file; path = "HaboroSoft-NorDem.ttf"; sourceTree = "<group>"; };
		B1803808253501EB00D03B19 /* HaboroSoft-NorMed.ttf */ = {isa = PBXFileReference; lastKnownFileType = file; path = "HaboroSoft-NorMed.ttf"; sourceTree = "<group>"; };
		B1803809253501EB00D03B19 /* HaboroSoft-NorRegIt.ttf */ = {isa = PBXFileReference; lastKnownFileType = file; path = "HaboroSoft-NorRegIt.ttf"; sourceTree = "<group>"; };
		B180380A253501EB00D03B19 /* HaboroSoft-NorExBIt.ttf */ = {isa = PBXFileReference; lastKnownFileType = file; path = "HaboroSoft-NorExBIt.ttf"; sourceTree = "<group>"; };
		B180380B253501EC00D03B19 /* HaboroSoft-NorReg.ttf */ = {isa = PBXFileReference; lastKnownFileType = file; path = "HaboroSoft-NorReg.ttf"; sourceTree = "<group>"; };
		B180380C253501EC00D03B19 /* HaboroSoft-NorBol.ttf */ = {isa = PBXFileReference; lastKnownFileType = file; path = "HaboroSoft-NorBol.ttf"; sourceTree = "<group>"; };
		B180380D253501EC00D03B19 /* HaboroSoft-NorMedIt.ttf */ = {isa = PBXFileReference; lastKnownFileType = file; path = "HaboroSoft-NorMedIt.ttf"; sourceTree = "<group>"; };
		B180380E253501ED00D03B19 /* HaboroSoft-NorBolIt.ttf */ = {isa = PBXFileReference; lastKnownFileType = file; path = "HaboroSoft-NorBolIt.ttf"; sourceTree = "<group>"; };
		B180380F253501ED00D03B19 /* HaboroSoft-NorBoo.ttf */ = {isa = PBXFileReference; lastKnownFileType = file; path = "HaboroSoft-NorBoo.ttf"; sourceTree = "<group>"; };
		B1803810253501ED00D03B19 /* HaboroSoft-NorBooIt.ttf */ = {isa = PBXFileReference; lastKnownFileType = file; path = "HaboroSoft-NorBooIt.ttf"; sourceTree = "<group>"; };
		B19F98CB2549E86600AB52A0 /* NetworkMonitor.swift */ = {isa = PBXFileReference; lastKnownFileType = sourcecode.swift; path = NetworkMonitor.swift; sourceTree = "<group>"; };
		B1AA18C0255C918600C6102A /* EditAlarmViewController.swift */ = {isa = PBXFileReference; lastKnownFileType = sourcecode.swift; path = EditAlarmViewController.swift; sourceTree = "<group>"; };
		B1B244D625538B75004942EA /* Analysis.swift */ = {isa = PBXFileReference; lastKnownFileType = sourcecode.swift; path = Analysis.swift; sourceTree = "<group>"; };
		B1E48D6D25392145003AC54F /* StatsViewController.swift */ = {isa = PBXFileReference; lastKnownFileType = sourcecode.swift; path = StatsViewController.swift; sourceTree = "<group>"; };
		EB49943ABF2D4199E658B11B /* Pods_Somnia.framework */ = {isa = PBXFileReference; explicitFileType = wrapper.framework; includeInIndex = 0; path = Pods_Somnia.framework; sourceTree = BUILT_PRODUCTS_DIR; };
		F08B373C01D53E13FEF0E38F /* Pods-Somnia.debug.xcconfig */ = {isa = PBXFileReference; includeInIndex = 1; lastKnownFileType = text.xcconfig; name = "Pods-Somnia.debug.xcconfig"; path = "Target Support Files/Pods-Somnia/Pods-Somnia.debug.xcconfig"; sourceTree = "<group>"; };
/* End PBXFileReference section */

/* Begin PBXFrameworksBuildPhase section */
		B13CC2C4251BAE5600A25D60 /* Frameworks */ = {
			isa = PBXFrameworksBuildPhase;
			buildActionMask = 2147483647;
			files = (
				68B1F54E406B519DA7E1D354 /* Pods_Somnia.framework in Frameworks */,
			);
			runOnlyForDeploymentPostprocessing = 0;
		};
		B13CC2DA251BAE5700A25D60 /* Frameworks */ = {
			isa = PBXFrameworksBuildPhase;
			buildActionMask = 2147483647;
			files = (
				47C72FD290198901828D3BB7 /* Pods_SomniaTests.framework in Frameworks */,
			);
			runOnlyForDeploymentPostprocessing = 0;
		};
		B13CC2E5251BAE5700A25D60 /* Frameworks */ = {
			isa = PBXFrameworksBuildPhase;
			buildActionMask = 2147483647;
			files = (
				E4E91B2DBC6095309CBADF07 /* Pods_Somnia_SomniaUITests.framework in Frameworks */,
			);
			runOnlyForDeploymentPostprocessing = 0;
		};
/* End PBXFrameworksBuildPhase section */

/* Begin PBXGroup section */
		347F867AB779E080A3F1EAB9 /* Pods */ = {
			isa = PBXGroup;
			children = (
				F08B373C01D53E13FEF0E38F /* Pods-Somnia.debug.xcconfig */,
				817940DE300C341B000FF48A /* Pods-Somnia.release.xcconfig */,
				04C97736CDD3550A6567F2B3 /* Pods-Somnia-SomniaUITests.debug.xcconfig */,
				8147454855D051C4FBD7608C /* Pods-Somnia-SomniaUITests.release.xcconfig */,
				27B89729442CECDE9FC97267 /* Pods-SomniaTests.debug.xcconfig */,
				18FA628F9188F0A752A21FC8 /* Pods-SomniaTests.release.xcconfig */,
			);
			path = Pods;
			sourceTree = "<group>";
		};
		37972E9A253D2CBC00E2D3EB /* Sounds */ = {
			isa = PBXGroup;
			children = (
				B13E13CB254CD3A000208EA8 /* relaxing_birds.mp3 */,
			);
			path = Sounds;
			sourceTree = "<group>";
		};
		3AEA3ABDE335138530B33183 /* Frameworks */ = {
			isa = PBXGroup;
			children = (
				EB49943ABF2D4199E658B11B /* Pods_Somnia.framework */,
				9F6C650AA1FC5B23FD5B3EC2 /* Pods_Somnia_SomniaUITests.framework */,
				71BC1DED5C45F64E1BE18423 /* Pods_SomniaTests.framework */,
			);
			name = Frameworks;
			sourceTree = "<group>";
		};
		B13CC2BE251BAE5600A25D60 = {
			isa = PBXGroup;
			children = (
				B13CC2C9251BAE5600A25D60 /* Somnia */,
				B13CC2E0251BAE5700A25D60 /* SomniaTests */,
				B13CC2EB251BAE5700A25D60 /* SomniaUITests */,
				B13CC2C8251BAE5600A25D60 /* Products */,
				347F867AB779E080A3F1EAB9 /* Pods */,
				3AEA3ABDE335138530B33183 /* Frameworks */,
			);
			sourceTree = "<group>";
		};
		B13CC2C8251BAE5600A25D60 /* Products */ = {
			isa = PBXGroup;
			children = (
				B13CC2C7251BAE5600A25D60 /* Somnia.app */,
				B13CC2DD251BAE5700A25D60 /* SomniaTests.xctest */,
				B13CC2E8251BAE5700A25D60 /* SomniaUITests.xctest */,
			);
			name = Products;
			sourceTree = "<group>";
		};
		B13CC2C9251BAE5600A25D60 /* Somnia */ = {
			isa = PBXGroup;
			children = (
				37972E9A253D2CBC00E2D3EB /* Sounds */,
				B17E662E251BD52E00C4DC72 /* Models */,
				B17E662D251BD52700C4DC72 /* Views */,
				B13CC2FF251BAF7800A25D60 /* Controllers */,
				B13CC2CA251BAE5600A25D60 /* AppDelegate.swift */,
				B13CC2CC251BAE5600A25D60 /* SceneDelegate.swift */,
				B13CC2D3251BAE5700A25D60 /* Assets.xcassets */,
				B1803802253501CE00D03B19 /* Fonts */,
				B13CC2D5251BAE5700A25D60 /* LaunchScreen.storyboard */,
				B13CC2D8251BAE5700A25D60 /* Info.plist */,
				B1770953251D2769006CEEF7 /* GoogleService-Info.plist */,
				B103D21F2534DF5D00F5F301 /* Constants.swift */,
			);
			path = Somnia;
			sourceTree = "<group>";
		};
		B13CC2E0251BAE5700A25D60 /* SomniaTests */ = {
			isa = PBXGroup;
			children = (
				B13CC2E1251BAE5700A25D60 /* SomniaTests.swift */,
				B13CC2E3251BAE5700A25D60 /* Info.plist */,
			);
			path = SomniaTests;
			sourceTree = "<group>";
		};
		B13CC2EB251BAE5700A25D60 /* SomniaUITests */ = {
			isa = PBXGroup;
			children = (
				B13CC2EC251BAE5700A25D60 /* SomniaUITests.swift */,
				B13CC2EE251BAE5700A25D60 /* Info.plist */,
			);
			path = SomniaUITests;
			sourceTree = "<group>";
		};
		B13CC2FF251BAF7800A25D60 /* Controllers */ = {
			isa = PBXGroup;
			children = (
				B13CC2CE251BAE5600A25D60 /* LoginViewController.swift */,
				378630F425355CBC00773BFA /* SignUpViewController.swift */,
				3799660B2538934D00503213 /* AlarmsNewUserViewController.swift */,
				B1E48D6D25392145003AC54F /* StatsViewController.swift */,
				B1123108253925C20024DD7D /* SleepViewController.swift */,
				B112310D25392F750024DD7D /* SleepTwoViewController.swift */,
				B1123112253937A40024DD7D /* SleepActivitiesViewController.swift */,
				B146080B253A6422004AE54D /* NewAlarmViewController.swift */,
				B146082B253A66C9004AE54D /* ProfileViewController.swift */,
				3716A224253CCEE30037D976 /* GameViewController.swift */,
				B135FAD72547838500D45AD1 /* SignUpTwoViewController.swift */,
				3742C969254B53DF001DEF67 /* AlarmTriggeredViewController.swift */,
				B13E13D0254CDCA200208EA8 /* FeedbackViewController.swift */,
				372C996A255659A300AB0147 /* EditInfoViewController.swift */,
				B1AA18C0255C918600C6102A /* EditAlarmViewController.swift */,
			);
			path = Controllers;
			sourceTree = "<group>";
		};
		B17E662D251BD52700C4DC72 /* Views */ = {
			isa = PBXGroup;
			children = (
				B13CC2D0251BAE5600A25D60 /* Main.storyboard */,
				B103D21A2534D1F200F5F301 /* GradientView.swift */,
				B1746B80254A209300A434B2 /* AlarmCell.swift */,
				B1746B81254A209300A434B2 /* AlarmCell.xib */,
				B15BA5A82554B8D900209897 /* SleepSoundCell.swift */,
				B15BA5A92554B8D900209897 /* SleepSoundCell.xib */,
				B13639562555B466004EBBF8 /* StoriesCell.swift */,
				B13639572555B466004EBBF8 /* StoriesCell.xib */,
			);
			path = Views;
			sourceTree = "<group>";
		};
		B17E662E251BD52E00C4DC72 /* Models */ = {
			isa = PBXGroup;
			children = (
				37F462D9251C1E76004A16EF /* User.swift */,
				B111B316253BC1B700D1C00E /* Alarm.swift */,
				B19F98CB2549E86600AB52A0 /* NetworkMonitor.swift */,
				B1B244D625538B75004942EA /* Analysis.swift */,
				B15BA5A32554B41600209897 /* SleepSound.swift */,
				B13639512555B42C004EBBF8 /* Stories.swift */,
			);
			path = Models;
			sourceTree = "<group>";
		};
		B1803802253501CE00D03B19 /* Fonts */ = {
			isa = PBXGroup;
			children = (
				B180380C253501EC00D03B19 /* HaboroSoft-NorBol.ttf */,
				B180380E253501ED00D03B19 /* HaboroSoft-NorBolIt.ttf */,
				B180380F253501ED00D03B19 /* HaboroSoft-NorBoo.ttf */,
				B1803810253501ED00D03B19 /* HaboroSoft-NorBooIt.ttf */,
				B1803807253501EB00D03B19 /* HaboroSoft-NorDem.ttf */,
				B1803805253501EA00D03B19 /* HaboroSoft-NorDemIt.ttf */,
				B1803806253501EA00D03B19 /* HaboroSoft-NorExB.ttf */,
				B180380A253501EB00D03B19 /* HaboroSoft-NorExBIt.ttf */,
				B1803804253501EA00D03B19 /* HaboroSoft-NorLig.ttf */,
				B1803803253501EA00D03B19 /* HaboroSoft-NorLigIt.ttf */,
				B1803808253501EB00D03B19 /* HaboroSoft-NorMed.ttf */,
				B180380D253501EC00D03B19 /* HaboroSoft-NorMedIt.ttf */,
				B180380B253501EC00D03B19 /* HaboroSoft-NorReg.ttf */,
				B1803809253501EB00D03B19 /* HaboroSoft-NorRegIt.ttf */,
			);
			path = Fonts;
			sourceTree = "<group>";
		};
/* End PBXGroup section */

/* Begin PBXNativeTarget section */
		B13CC2C6251BAE5600A25D60 /* Somnia */ = {
			isa = PBXNativeTarget;
			buildConfigurationList = B13CC2F1251BAE5700A25D60 /* Build configuration list for PBXNativeTarget "Somnia" */;
			buildPhases = (
				BB276ABE75BB1A24EEE4B8B7 /* [CP] Check Pods Manifest.lock */,
				B13CC2C3251BAE5600A25D60 /* Sources */,
				B13CC2C4251BAE5600A25D60 /* Frameworks */,
				B13CC2C5251BAE5600A25D60 /* Resources */,
				5C17DFFE6195BA5302FE98AF /* [CP] Embed Pods Frameworks */,
				B181700B255DD3FF00CA5A5B /* ShellScript */,
			);
			buildRules = (
			);
			dependencies = (
			);
			name = Somnia;
			productName = Somnia;
			productReference = B13CC2C7251BAE5600A25D60 /* Somnia.app */;
			productType = "com.apple.product-type.application";
		};
		B13CC2DC251BAE5700A25D60 /* SomniaTests */ = {
			isa = PBXNativeTarget;
			buildConfigurationList = B13CC2F4251BAE5700A25D60 /* Build configuration list for PBXNativeTarget "SomniaTests" */;
			buildPhases = (
				F22209EC49B64216C9C26747 /* [CP] Check Pods Manifest.lock */,
				B13CC2D9251BAE5700A25D60 /* Sources */,
				B13CC2DA251BAE5700A25D60 /* Frameworks */,
				B13CC2DB251BAE5700A25D60 /* Resources */,
			);
			buildRules = (
			);
			dependencies = (
				B13CC2DF251BAE5700A25D60 /* PBXTargetDependency */,
			);
			name = SomniaTests;
			productName = SomniaTests;
			productReference = B13CC2DD251BAE5700A25D60 /* SomniaTests.xctest */;
			productType = "com.apple.product-type.bundle.unit-test";
		};
		B13CC2E7251BAE5700A25D60 /* SomniaUITests */ = {
			isa = PBXNativeTarget;
			buildConfigurationList = B13CC2F7251BAE5700A25D60 /* Build configuration list for PBXNativeTarget "SomniaUITests" */;
			buildPhases = (
				476C3ECDA06332C284A12DF1 /* [CP] Check Pods Manifest.lock */,
				B13CC2E4251BAE5700A25D60 /* Sources */,
				B13CC2E5251BAE5700A25D60 /* Frameworks */,
				B13CC2E6251BAE5700A25D60 /* Resources */,
				613E73FE8B58B3FD46291AFA /* [CP] Embed Pods Frameworks */,
			);
			buildRules = (
			);
			dependencies = (
				B13CC2EA251BAE5700A25D60 /* PBXTargetDependency */,
			);
			name = SomniaUITests;
			productName = SomniaUITests;
			productReference = B13CC2E8251BAE5700A25D60 /* SomniaUITests.xctest */;
			productType = "com.apple.product-type.bundle.ui-testing";
		};
/* End PBXNativeTarget section */

/* Begin PBXProject section */
		B13CC2BF251BAE5600A25D60 /* Project object */ = {
			isa = PBXProject;
			attributes = {
				LastSwiftUpdateCheck = 1200;
				LastUpgradeCheck = 1200;
				TargetAttributes = {
					B13CC2C6251BAE5600A25D60 = {
						CreatedOnToolsVersion = 12.0;
					};
					B13CC2DC251BAE5700A25D60 = {
						CreatedOnToolsVersion = 12.0;
						TestTargetID = B13CC2C6251BAE5600A25D60;
					};
					B13CC2E7251BAE5700A25D60 = {
						CreatedOnToolsVersion = 12.0;
						TestTargetID = B13CC2C6251BAE5600A25D60;
					};
				};
			};
			buildConfigurationList = B13CC2C2251BAE5600A25D60 /* Build configuration list for PBXProject "Somnia" */;
			compatibilityVersion = "Xcode 9.3";
			developmentRegion = en;
			hasScannedForEncodings = 0;
			knownRegions = (
				en,
				Base,
			);
			mainGroup = B13CC2BE251BAE5600A25D60;
			productRefGroup = B13CC2C8251BAE5600A25D60 /* Products */;
			projectDirPath = "";
			projectRoot = "";
			targets = (
				B13CC2C6251BAE5600A25D60 /* Somnia */,
				B13CC2DC251BAE5700A25D60 /* SomniaTests */,
				B13CC2E7251BAE5700A25D60 /* SomniaUITests */,
			);
		};
/* End PBXProject section */

/* Begin PBXResourcesBuildPhase section */
		B13CC2C5251BAE5600A25D60 /* Resources */ = {
			isa = PBXResourcesBuildPhase;
			buildActionMask = 2147483647;
			files = (
				B15BA5AB2554B8D900209897 /* SleepSoundCell.xib in Resources */,
				B180381C253501ED00D03B19 /* HaboroSoft-NorBolIt.ttf in Resources */,
				B13CC2D7251BAE5700A25D60 /* LaunchScreen.storyboard in Resources */,
				B180381A253501ED00D03B19 /* HaboroSoft-NorBol.ttf in Resources */,
				B1770954251D2769006CEEF7 /* GoogleService-Info.plist in Resources */,
				B1803818253501ED00D03B19 /* HaboroSoft-NorExBIt.ttf in Resources */,
				B180381B253501ED00D03B19 /* HaboroSoft-NorMedIt.ttf in Resources */,
				B13639592555B466004EBBF8 /* StoriesCell.xib in Resources */,
				B1803817253501ED00D03B19 /* HaboroSoft-NorRegIt.ttf in Resources */,
				B13CC2D4251BAE5700A25D60 /* Assets.xcassets in Resources */,
				B1803814253501ED00D03B19 /* HaboroSoft-NorExB.ttf in Resources */,
				B13E13CC254CD3A000208EA8 /* relaxing_birds.mp3 in Resources */,
				B1803819253501ED00D03B19 /* HaboroSoft-NorReg.ttf in Resources */,
				B13CC2D2251BAE5600A25D60 /* Main.storyboard in Resources */,
				B180381E253501ED00D03B19 /* HaboroSoft-NorBooIt.ttf in Resources */,
				B1803815253501ED00D03B19 /* HaboroSoft-NorDem.ttf in Resources */,
				B180381D253501ED00D03B19 /* HaboroSoft-NorBoo.ttf in Resources */,
				B1803816253501ED00D03B19 /* HaboroSoft-NorMed.ttf in Resources */,
				B1803812253501ED00D03B19 /* HaboroSoft-NorLig.ttf in Resources */,
				B1803811253501ED00D03B19 /* HaboroSoft-NorLigIt.ttf in Resources */,
				B1746B83254A209300A434B2 /* AlarmCell.xib in Resources */,
				B1803813253501ED00D03B19 /* HaboroSoft-NorDemIt.ttf in Resources */,
			);
			runOnlyForDeploymentPostprocessing = 0;
		};
		B13CC2DB251BAE5700A25D60 /* Resources */ = {
			isa = PBXResourcesBuildPhase;
			buildActionMask = 2147483647;
			files = (
			);
			runOnlyForDeploymentPostprocessing = 0;
		};
		B13CC2E6251BAE5700A25D60 /* Resources */ = {
			isa = PBXResourcesBuildPhase;
			buildActionMask = 2147483647;
			files = (
			);
			runOnlyForDeploymentPostprocessing = 0;
		};
/* End PBXResourcesBuildPhase section */

/* Begin PBXShellScriptBuildPhase section */
		476C3ECDA06332C284A12DF1 /* [CP] Check Pods Manifest.lock */ = {
			isa = PBXShellScriptBuildPhase;
			buildActionMask = 2147483647;
			files = (
			);
			inputFileListPaths = (
			);
			inputPaths = (
				"${PODS_PODFILE_DIR_PATH}/Podfile.lock",
				"${PODS_ROOT}/Manifest.lock",
			);
			name = "[CP] Check Pods Manifest.lock";
			outputFileListPaths = (
			);
			outputPaths = (
				"$(DERIVED_FILE_DIR)/Pods-Somnia-SomniaUITests-checkManifestLockResult.txt",
			);
			runOnlyForDeploymentPostprocessing = 0;
			shellPath = /bin/sh;
			shellScript = "diff \"${PODS_PODFILE_DIR_PATH}/Podfile.lock\" \"${PODS_ROOT}/Manifest.lock\" > /dev/null\nif [ $? != 0 ] ; then\n    # print error to STDERR\n    echo \"error: The sandbox is not in sync with the Podfile.lock. Run 'pod install' or update your CocoaPods installation.\" >&2\n    exit 1\nfi\n# This output is used by Xcode 'outputs' to avoid re-running this script phase.\necho \"SUCCESS\" > \"${SCRIPT_OUTPUT_FILE_0}\"\n";
			showEnvVarsInLog = 0;
		};
		5C17DFFE6195BA5302FE98AF /* [CP] Embed Pods Frameworks */ = {
			isa = PBXShellScriptBuildPhase;
			buildActionMask = 2147483647;
			files = (
			);
			inputFileListPaths = (
				"${PODS_ROOT}/Target Support Files/Pods-Somnia/Pods-Somnia-frameworks-${CONFIGURATION}-input-files.xcfilelist",
			);
			name = "[CP] Embed Pods Frameworks";
			outputFileListPaths = (
				"${PODS_ROOT}/Target Support Files/Pods-Somnia/Pods-Somnia-frameworks-${CONFIGURATION}-output-files.xcfilelist",
			);
			runOnlyForDeploymentPostprocessing = 0;
			shellPath = /bin/sh;
			shellScript = "\"${PODS_ROOT}/Target Support Files/Pods-Somnia/Pods-Somnia-frameworks.sh\"\n";
			showEnvVarsInLog = 0;
		};
		613E73FE8B58B3FD46291AFA /* [CP] Embed Pods Frameworks */ = {
			isa = PBXShellScriptBuildPhase;
			buildActionMask = 2147483647;
			files = (
			);
			inputFileListPaths = (
				"${PODS_ROOT}/Target Support Files/Pods-Somnia-SomniaUITests/Pods-Somnia-SomniaUITests-frameworks-${CONFIGURATION}-input-files.xcfilelist",
			);
			name = "[CP] Embed Pods Frameworks";
			outputFileListPaths = (
				"${PODS_ROOT}/Target Support Files/Pods-Somnia-SomniaUITests/Pods-Somnia-SomniaUITests-frameworks-${CONFIGURATION}-output-files.xcfilelist",
			);
			runOnlyForDeploymentPostprocessing = 0;
			shellPath = /bin/sh;
			shellScript = "\"${PODS_ROOT}/Target Support Files/Pods-Somnia-SomniaUITests/Pods-Somnia-SomniaUITests-frameworks.sh\"\n";
			showEnvVarsInLog = 0;
		};
		B181700B255DD3FF00CA5A5B /* ShellScript */ = {
			isa = PBXShellScriptBuildPhase;
			buildActionMask = 2147483647;
			files = (
			);
			inputFileListPaths = (
			);
			inputPaths = (
				"${DWARF_DSYM_FOLDER_PATH}/${DWARF_DSYM_FILE_NAME}/Contents/Resources/DWARF/${TARGET_NAME}\n",
				"$(SRCROOT)/$(BUILT_PRODUCTS_DIR)/$(INFOPLIST_PATH)",
			);
			outputFileListPaths = (
			);
			outputPaths = (
			);
			runOnlyForDeploymentPostprocessing = 0;
			shellPath = /bin/sh;
			shellScript = "\"${PODS_ROOT}/FirebaseCrashlytics/run\"\n";
		};
		BB276ABE75BB1A24EEE4B8B7 /* [CP] Check Pods Manifest.lock */ = {
			isa = PBXShellScriptBuildPhase;
			buildActionMask = 2147483647;
			files = (
			);
			inputFileListPaths = (
			);
			inputPaths = (
				"${PODS_PODFILE_DIR_PATH}/Podfile.lock",
				"${PODS_ROOT}/Manifest.lock",
			);
			name = "[CP] Check Pods Manifest.lock";
			outputFileListPaths = (
			);
			outputPaths = (
				"$(DERIVED_FILE_DIR)/Pods-Somnia-checkManifestLockResult.txt",
			);
			runOnlyForDeploymentPostprocessing = 0;
			shellPath = /bin/sh;
			shellScript = "diff \"${PODS_PODFILE_DIR_PATH}/Podfile.lock\" \"${PODS_ROOT}/Manifest.lock\" > /dev/null\nif [ $? != 0 ] ; then\n    # print error to STDERR\n    echo \"error: The sandbox is not in sync with the Podfile.lock. Run 'pod install' or update your CocoaPods installation.\" >&2\n    exit 1\nfi\n# This output is used by Xcode 'outputs' to avoid re-running this script phase.\necho \"SUCCESS\" > \"${SCRIPT_OUTPUT_FILE_0}\"\n";
			showEnvVarsInLog = 0;
		};
		F22209EC49B64216C9C26747 /* [CP] Check Pods Manifest.lock */ = {
			isa = PBXShellScriptBuildPhase;
			buildActionMask = 2147483647;
			files = (
			);
			inputFileListPaths = (
			);
			inputPaths = (
				"${PODS_PODFILE_DIR_PATH}/Podfile.lock",
				"${PODS_ROOT}/Manifest.lock",
			);
			name = "[CP] Check Pods Manifest.lock";
			outputFileListPaths = (
			);
			outputPaths = (
				"$(DERIVED_FILE_DIR)/Pods-SomniaTests-checkManifestLockResult.txt",
			);
			runOnlyForDeploymentPostprocessing = 0;
			shellPath = /bin/sh;
			shellScript = "diff \"${PODS_PODFILE_DIR_PATH}/Podfile.lock\" \"${PODS_ROOT}/Manifest.lock\" > /dev/null\nif [ $? != 0 ] ; then\n    # print error to STDERR\n    echo \"error: The sandbox is not in sync with the Podfile.lock. Run 'pod install' or update your CocoaPods installation.\" >&2\n    exit 1\nfi\n# This output is used by Xcode 'outputs' to avoid re-running this script phase.\necho \"SUCCESS\" > \"${SCRIPT_OUTPUT_FILE_0}\"\n";
			showEnvVarsInLog = 0;
		};
/* End PBXShellScriptBuildPhase section */

/* Begin PBXSourcesBuildPhase section */
		B13CC2C3251BAE5600A25D60 /* Sources */ = {
			isa = PBXSourcesBuildPhase;
			buildActionMask = 2147483647;
			files = (
				B1123109253925C20024DD7D /* SleepViewController.swift in Sources */,
				B15BA5AA2554B8D900209897 /* SleepSoundCell.swift in Sources */,
				B1AA18C1255C918600C6102A /* EditAlarmViewController.swift in Sources */,
				3799660C2538934D00503213 /* AlarmsNewUserViewController.swift in Sources */,
				3742C96A254B53DF001DEF67 /* AlarmTriggeredViewController.swift in Sources */,
				B1E48D6E25392145003AC54F /* StatsViewController.swift in Sources */,
				B146080C253A6422004AE54D /* NewAlarmViewController.swift in Sources */,
				3716A225253CCEE30037D976 /* GameViewController.swift in Sources */,
				B112310E25392F750024DD7D /* SleepTwoViewController.swift in Sources */,
				B146082C253A66C9004AE54D /* ProfileViewController.swift in Sources */,
				B13E13D1254CDCA200208EA8 /* FeedbackViewController.swift in Sources */,
				B13CC2CF251BAE5600A25D60 /* LoginViewController.swift in Sources */,
				B111B317253BC1B700D1C00E /* Alarm.swift in Sources */,
				B13CC2CB251BAE5600A25D60 /* AppDelegate.swift in Sources */,
				B1B244D725538B75004942EA /* Analysis.swift in Sources */,
				B103D2202534DF5D00F5F301 /* Constants.swift in Sources */,
				B19F98CC2549E86600AB52A0 /* NetworkMonitor.swift in Sources */,
				372C996B255659A300AB0147 /* EditInfoViewController.swift in Sources */,
				B13CC2CD251BAE5600A25D60 /* SceneDelegate.swift in Sources */,
				B103D21B2534D1F200F5F301 /* GradientView.swift in Sources */,
				B13639522555B42C004EBBF8 /* Stories.swift in Sources */,
				B135FAD82547838500D45AD1 /* SignUpTwoViewController.swift in Sources */,
				378630F525355CBC00773BFA /* SignUpViewController.swift in Sources */,
				B1746B82254A209300A434B2 /* AlarmCell.swift in Sources */,
				37F462DA251C1E76004A16EF /* User.swift in Sources */,
				B15BA5A42554B41600209897 /* SleepSound.swift in Sources */,
				B1123113253937A40024DD7D /* SleepActivitiesViewController.swift in Sources */,
				B13639582555B466004EBBF8 /* StoriesCell.swift in Sources */,
			);
			runOnlyForDeploymentPostprocessing = 0;
		};
		B13CC2D9251BAE5700A25D60 /* Sources */ = {
			isa = PBXSourcesBuildPhase;
			buildActionMask = 2147483647;
			files = (
				B13CC2E2251BAE5700A25D60 /* SomniaTests.swift in Sources */,
			);
			runOnlyForDeploymentPostprocessing = 0;
		};
		B13CC2E4251BAE5700A25D60 /* Sources */ = {
			isa = PBXSourcesBuildPhase;
			buildActionMask = 2147483647;
			files = (
				B13CC2ED251BAE5700A25D60 /* SomniaUITests.swift in Sources */,
			);
			runOnlyForDeploymentPostprocessing = 0;
		};
/* End PBXSourcesBuildPhase section */

/* Begin PBXTargetDependency section */
		B13CC2DF251BAE5700A25D60 /* PBXTargetDependency */ = {
			isa = PBXTargetDependency;
			target = B13CC2C6251BAE5600A25D60 /* Somnia */;
			targetProxy = B13CC2DE251BAE5700A25D60 /* PBXContainerItemProxy */;
		};
		B13CC2EA251BAE5700A25D60 /* PBXTargetDependency */ = {
			isa = PBXTargetDependency;
			target = B13CC2C6251BAE5600A25D60 /* Somnia */;
			targetProxy = B13CC2E9251BAE5700A25D60 /* PBXContainerItemProxy */;
		};
/* End PBXTargetDependency section */

/* Begin PBXVariantGroup section */
		B13CC2D0251BAE5600A25D60 /* Main.storyboard */ = {
			isa = PBXVariantGroup;
			children = (
				B13CC2D1251BAE5600A25D60 /* Base */,
			);
			name = Main.storyboard;
			sourceTree = "<group>";
		};
		B13CC2D5251BAE5700A25D60 /* LaunchScreen.storyboard */ = {
			isa = PBXVariantGroup;
			children = (
				B13CC2D6251BAE5700A25D60 /* Base */,
			);
			name = LaunchScreen.storyboard;
			sourceTree = "<group>";
		};
/* End PBXVariantGroup section */

/* Begin XCBuildConfiguration section */
		B13CC2EF251BAE5700A25D60 /* Debug */ = {
			isa = XCBuildConfiguration;
			buildSettings = {
				ALWAYS_SEARCH_USER_PATHS = NO;
				CLANG_ANALYZER_NONNULL = YES;
				CLANG_ANALYZER_NUMBER_OBJECT_CONVERSION = YES_AGGRESSIVE;
				CLANG_CXX_LANGUAGE_STANDARD = "gnu++14";
				CLANG_CXX_LIBRARY = "libc++";
				CLANG_ENABLE_MODULES = YES;
				CLANG_ENABLE_OBJC_ARC = YES;
				CLANG_ENABLE_OBJC_WEAK = YES;
				CLANG_WARN_BLOCK_CAPTURE_AUTORELEASING = YES;
				CLANG_WARN_BOOL_CONVERSION = YES;
				CLANG_WARN_COMMA = YES;
				CLANG_WARN_CONSTANT_CONVERSION = YES;
				CLANG_WARN_DEPRECATED_OBJC_IMPLEMENTATIONS = YES;
				CLANG_WARN_DIRECT_OBJC_ISA_USAGE = YES_ERROR;
				CLANG_WARN_DOCUMENTATION_COMMENTS = YES;
				CLANG_WARN_EMPTY_BODY = YES;
				CLANG_WARN_ENUM_CONVERSION = YES;
				CLANG_WARN_INFINITE_RECURSION = YES;
				CLANG_WARN_INT_CONVERSION = YES;
				CLANG_WARN_NON_LITERAL_NULL_CONVERSION = YES;
				CLANG_WARN_OBJC_IMPLICIT_RETAIN_SELF = YES;
				CLANG_WARN_OBJC_LITERAL_CONVERSION = YES;
				CLANG_WARN_OBJC_ROOT_CLASS = YES_ERROR;
				CLANG_WARN_QUOTED_INCLUDE_IN_FRAMEWORK_HEADER = YES;
				CLANG_WARN_RANGE_LOOP_ANALYSIS = YES;
				CLANG_WARN_STRICT_PROTOTYPES = YES;
				CLANG_WARN_SUSPICIOUS_MOVE = YES;
				CLANG_WARN_UNGUARDED_AVAILABILITY = YES_AGGRESSIVE;
				CLANG_WARN_UNREACHABLE_CODE = YES;
				CLANG_WARN__DUPLICATE_METHOD_MATCH = YES;
				COPY_PHASE_STRIP = NO;
				DEBUG_INFORMATION_FORMAT = dwarf;
				ENABLE_STRICT_OBJC_MSGSEND = YES;
				ENABLE_TESTABILITY = YES;
				GCC_C_LANGUAGE_STANDARD = gnu11;
				GCC_DYNAMIC_NO_PIC = NO;
				GCC_NO_COMMON_BLOCKS = YES;
				GCC_OPTIMIZATION_LEVEL = 0;
				GCC_PREPROCESSOR_DEFINITIONS = (
					"DEBUG=1",
					"$(inherited)",
				);
				GCC_WARN_64_TO_32_BIT_CONVERSION = YES;
				GCC_WARN_ABOUT_RETURN_TYPE = YES_ERROR;
				GCC_WARN_UNDECLARED_SELECTOR = YES;
				GCC_WARN_UNINITIALIZED_AUTOS = YES_AGGRESSIVE;
				GCC_WARN_UNUSED_FUNCTION = YES;
				GCC_WARN_UNUSED_VARIABLE = YES;
				IPHONEOS_DEPLOYMENT_TARGET = 14.0;
				MTL_ENABLE_DEBUG_INFO = INCLUDE_SOURCE;
				MTL_FAST_MATH = YES;
				ONLY_ACTIVE_ARCH = YES;
				SDKROOT = iphoneos;
				SWIFT_ACTIVE_COMPILATION_CONDITIONS = DEBUG;
				SWIFT_OPTIMIZATION_LEVEL = "-Onone";
			};
			name = Debug;
		};
		B13CC2F0251BAE5700A25D60 /* Release */ = {
			isa = XCBuildConfiguration;
			buildSettings = {
				ALWAYS_SEARCH_USER_PATHS = NO;
				CLANG_ANALYZER_NONNULL = YES;
				CLANG_ANALYZER_NUMBER_OBJECT_CONVERSION = YES_AGGRESSIVE;
				CLANG_CXX_LANGUAGE_STANDARD = "gnu++14";
				CLANG_CXX_LIBRARY = "libc++";
				CLANG_ENABLE_MODULES = YES;
				CLANG_ENABLE_OBJC_ARC = YES;
				CLANG_ENABLE_OBJC_WEAK = YES;
				CLANG_WARN_BLOCK_CAPTURE_AUTORELEASING = YES;
				CLANG_WARN_BOOL_CONVERSION = YES;
				CLANG_WARN_COMMA = YES;
				CLANG_WARN_CONSTANT_CONVERSION = YES;
				CLANG_WARN_DEPRECATED_OBJC_IMPLEMENTATIONS = YES;
				CLANG_WARN_DIRECT_OBJC_ISA_USAGE = YES_ERROR;
				CLANG_WARN_DOCUMENTATION_COMMENTS = YES;
				CLANG_WARN_EMPTY_BODY = YES;
				CLANG_WARN_ENUM_CONVERSION = YES;
				CLANG_WARN_INFINITE_RECURSION = YES;
				CLANG_WARN_INT_CONVERSION = YES;
				CLANG_WARN_NON_LITERAL_NULL_CONVERSION = YES;
				CLANG_WARN_OBJC_IMPLICIT_RETAIN_SELF = YES;
				CLANG_WARN_OBJC_LITERAL_CONVERSION = YES;
				CLANG_WARN_OBJC_ROOT_CLASS = YES_ERROR;
				CLANG_WARN_QUOTED_INCLUDE_IN_FRAMEWORK_HEADER = YES;
				CLANG_WARN_RANGE_LOOP_ANALYSIS = YES;
				CLANG_WARN_STRICT_PROTOTYPES = YES;
				CLANG_WARN_SUSPICIOUS_MOVE = YES;
				CLANG_WARN_UNGUARDED_AVAILABILITY = YES_AGGRESSIVE;
				CLANG_WARN_UNREACHABLE_CODE = YES;
				CLANG_WARN__DUPLICATE_METHOD_MATCH = YES;
				COPY_PHASE_STRIP = NO;
				DEBUG_INFORMATION_FORMAT = "dwarf-with-dsym";
				ENABLE_NS_ASSERTIONS = NO;
				ENABLE_STRICT_OBJC_MSGSEND = YES;
				GCC_C_LANGUAGE_STANDARD = gnu11;
				GCC_NO_COMMON_BLOCKS = YES;
				GCC_WARN_64_TO_32_BIT_CONVERSION = YES;
				GCC_WARN_ABOUT_RETURN_TYPE = YES_ERROR;
				GCC_WARN_UNDECLARED_SELECTOR = YES;
				GCC_WARN_UNINITIALIZED_AUTOS = YES_AGGRESSIVE;
				GCC_WARN_UNUSED_FUNCTION = YES;
				GCC_WARN_UNUSED_VARIABLE = YES;
				IPHONEOS_DEPLOYMENT_TARGET = 14.0;
				MTL_ENABLE_DEBUG_INFO = NO;
				MTL_FAST_MATH = YES;
				SDKROOT = iphoneos;
				SWIFT_COMPILATION_MODE = wholemodule;
				SWIFT_OPTIMIZATION_LEVEL = "-O";
				VALIDATE_PRODUCT = YES;
			};
			name = Release;
		};
		B13CC2F2251BAE5700A25D60 /* Debug */ = {
			isa = XCBuildConfiguration;
			baseConfigurationReference = F08B373C01D53E13FEF0E38F /* Pods-Somnia.debug.xcconfig */;
			buildSettings = {
				ASSETCATALOG_COMPILER_APPICON_NAME = AppIcon;
				ASSETCATALOG_COMPILER_GLOBAL_ACCENT_COLOR_NAME = AccentColor;
				CODE_SIGN_IDENTITY = "Apple Development";
				CODE_SIGN_STYLE = Automatic;
				DEBUG_INFORMATION_FORMAT = "dwarf-with-dsym";
				DEVELOPMENT_TEAM = 2V3L462997;
				INFOPLIST_FILE = Somnia/Info.plist;
				IPHONEOS_DEPLOYMENT_TARGET = 13.0;
				LD_RUNPATH_SEARCH_PATHS = (
					"$(inherited)",
					"@executable_path/Frameworks",
				);
				MACH_O_TYPE = mh_execute;
				PRODUCT_BUNDLE_IDENTIFIER = com.caps.Somnia;
				PRODUCT_NAME = "$(TARGET_NAME)";
				PROVISIONING_PROFILE_SPECIFIER = "";
				SWIFT_VERSION = 5.0;
				TARGETED_DEVICE_FAMILY = 1;
			};
			name = Debug;
		};
		B13CC2F3251BAE5700A25D60 /* Release */ = {
			isa = XCBuildConfiguration;
			baseConfigurationReference = 817940DE300C341B000FF48A /* Pods-Somnia.release.xcconfig */;
			buildSettings = {
				ASSETCATALOG_COMPILER_APPICON_NAME = AppIcon;
				ASSETCATALOG_COMPILER_GLOBAL_ACCENT_COLOR_NAME = AccentColor;
				CODE_SIGN_IDENTITY = "Apple Development";
				CODE_SIGN_STYLE = Automatic;
				DEBUG_INFORMATION_FORMAT = "dwarf-with-dsym";
				DEVELOPMENT_TEAM = 2V3L462997;
				INFOPLIST_FILE = Somnia/Info.plist;
				IPHONEOS_DEPLOYMENT_TARGET = 13.0;
				LD_RUNPATH_SEARCH_PATHS = (
					"$(inherited)",
					"@executable_path/Frameworks",
				);
				MACH_O_TYPE = mh_execute;
				PRODUCT_BUNDLE_IDENTIFIER = com.caps.Somnia;
				PRODUCT_NAME = "$(TARGET_NAME)";
				PROVISIONING_PROFILE_SPECIFIER = "";
				SWIFT_VERSION = 5.0;
				TARGETED_DEVICE_FAMILY = 1;
			};
			name = Release;
		};
		B13CC2F5251BAE5700A25D60 /* Debug */ = {
			isa = XCBuildConfiguration;
			baseConfigurationReference = 27B89729442CECDE9FC97267 /* Pods-SomniaTests.debug.xcconfig */;
			buildSettings = {
				ALWAYS_EMBED_SWIFT_STANDARD_LIBRARIES = YES;
				BUNDLE_LOADER = "$(TEST_HOST)";
				CODE_SIGN_STYLE = Automatic;
				INFOPLIST_FILE = SomniaTests/Info.plist;
				IPHONEOS_DEPLOYMENT_TARGET = 14.0;
				LD_RUNPATH_SEARCH_PATHS = (
					"$(inherited)",
					"@executable_path/Frameworks",
					"@loader_path/Frameworks",
				);
				PRODUCT_BUNDLE_IDENTIFIER = com.caps.SomniaTests;
				PRODUCT_NAME = "$(TARGET_NAME)";
				SWIFT_VERSION = 5.0;
				TARGETED_DEVICE_FAMILY = "1,2";
				TEST_HOST = "$(BUILT_PRODUCTS_DIR)/Somnia.app/Somnia";
			};
			name = Debug;
		};
		B13CC2F6251BAE5700A25D60 /* Release */ = {
			isa = XCBuildConfiguration;
			baseConfigurationReference = 18FA628F9188F0A752A21FC8 /* Pods-SomniaTests.release.xcconfig */;
			buildSettings = {
				ALWAYS_EMBED_SWIFT_STANDARD_LIBRARIES = YES;
				BUNDLE_LOADER = "$(TEST_HOST)";
				CODE_SIGN_STYLE = Automatic;
				INFOPLIST_FILE = SomniaTests/Info.plist;
				IPHONEOS_DEPLOYMENT_TARGET = 14.0;
				LD_RUNPATH_SEARCH_PATHS = (
					"$(inherited)",
					"@executable_path/Frameworks",
					"@loader_path/Frameworks",
				);
				PRODUCT_BUNDLE_IDENTIFIER = com.caps.SomniaTests;
				PRODUCT_NAME = "$(TARGET_NAME)";
				SWIFT_VERSION = 5.0;
				TARGETED_DEVICE_FAMILY = "1,2";
				TEST_HOST = "$(BUILT_PRODUCTS_DIR)/Somnia.app/Somnia";
			};
			name = Release;
		};
		B13CC2F8251BAE5700A25D60 /* Debug */ = {
			isa = XCBuildConfiguration;
			baseConfigurationReference = 04C97736CDD3550A6567F2B3 /* Pods-Somnia-SomniaUITests.debug.xcconfig */;
			buildSettings = {
				ALWAYS_EMBED_SWIFT_STANDARD_LIBRARIES = YES;
				CODE_SIGN_STYLE = Automatic;
				INFOPLIST_FILE = SomniaUITests/Info.plist;
				LD_RUNPATH_SEARCH_PATHS = (
					"$(inherited)",
					"@executable_path/Frameworks",
					"@loader_path/Frameworks",
				);
				PRODUCT_BUNDLE_IDENTIFIER = com.caps.SomniaUITests;
				PRODUCT_NAME = "$(TARGET_NAME)";
				SWIFT_VERSION = 5.0;
				TARGETED_DEVICE_FAMILY = "1,2";
				TEST_TARGET_NAME = Somnia;
			};
			name = Debug;
		};
		B13CC2F9251BAE5700A25D60 /* Release */ = {
			isa = XCBuildConfiguration;
			baseConfigurationReference = 8147454855D051C4FBD7608C /* Pods-Somnia-SomniaUITests.release.xcconfig */;
			buildSettings = {
				ALWAYS_EMBED_SWIFT_STANDARD_LIBRARIES = YES;
				CODE_SIGN_STYLE = Automatic;
				INFOPLIST_FILE = SomniaUITests/Info.plist;
				LD_RUNPATH_SEARCH_PATHS = (
					"$(inherited)",
					"@executable_path/Frameworks",
					"@loader_path/Frameworks",
				);
				PRODUCT_BUNDLE_IDENTIFIER = com.caps.SomniaUITests;
				PRODUCT_NAME = "$(TARGET_NAME)";
				SWIFT_VERSION = 5.0;
				TARGETED_DEVICE_FAMILY = "1,2";
				TEST_TARGET_NAME = Somnia;
			};
			name = Release;
		};
/* End XCBuildConfiguration section */

/* Begin XCConfigurationList section */
		B13CC2C2251BAE5600A25D60 /* Build configuration list for PBXProject "Somnia" */ = {
			isa = XCConfigurationList;
			buildConfigurations = (
				B13CC2EF251BAE5700A25D60 /* Debug */,
				B13CC2F0251BAE5700A25D60 /* Release */,
			);
			defaultConfigurationIsVisible = 0;
			defaultConfigurationName = Release;
		};
		B13CC2F1251BAE5700A25D60 /* Build configuration list for PBXNativeTarget "Somnia" */ = {
			isa = XCConfigurationList;
			buildConfigurations = (
				B13CC2F2251BAE5700A25D60 /* Debug */,
				B13CC2F3251BAE5700A25D60 /* Release */,
			);
			defaultConfigurationIsVisible = 0;
			defaultConfigurationName = Release;
		};
		B13CC2F4251BAE5700A25D60 /* Build configuration list for PBXNativeTarget "SomniaTests" */ = {
			isa = XCConfigurationList;
			buildConfigurations = (
				B13CC2F5251BAE5700A25D60 /* Debug */,
				B13CC2F6251BAE5700A25D60 /* Release */,
			);
			defaultConfigurationIsVisible = 0;
			defaultConfigurationName = Release;
		};
		B13CC2F7251BAE5700A25D60 /* Build configuration list for PBXNativeTarget "SomniaUITests" */ = {
			isa = XCConfigurationList;
			buildConfigurations = (
				B13CC2F8251BAE5700A25D60 /* Debug */,
				B13CC2F9251BAE5700A25D60 /* Release */,
			);
			defaultConfigurationIsVisible = 0;
			defaultConfigurationName = Release;
		};
/* End XCConfigurationList section */
	};
	rootObject = B13CC2BF251BAE5600A25D60 /* Project object */;
}
